
Microsoft Visual Studio Solution File, Format Version 12.00
# Visual Studio Version 16
VisualStudioVersion = 16.0.31702.278
MinimumVisualStudioVersion = 10.0.40219.1
Project("{9A19103F-16F7-4668-BE54-9A1E7A4F7556}") = "DescendingOrder", "DescendingOrder\DescendingOrder.csproj", "{0CC1856A-4139-423C-8981-442C84282523}"
EndProject
Project("{2150E333-8FDC-42A3-9474-1A3956D46DE8}") = "DescendingOrder", "DescendingOrder", "{6CD98247-8182-4AEA-92D5-D2EC9CF33DDE}"
EndProject
Project("{9A19103F-16F7-4668-BE54-9A1E7A4F7556}") = "DescendingOrder.Tests", "DescendingOrder.Tests\DescendingOrder.Tests.csproj", "{479C8B91-4DF0-458A-90C8-E9A73E4EB507}"
EndProject
Project("{2150E333-8FDC-42A3-9474-1A3956D46DE8}") = "FindTheParityOutlier", "FindTheParityOutlier", "{004D0284-4231-48F9-9C3D-F5818E150372}"
EndProject
Project("{9A19103F-16F7-4668-BE54-9A1E7A4F7556}") = "FindTheParityOutlier.Tests", "FindTheParityOutlier.Tests\FindTheParityOutlier.Tests.csproj", "{2B9D6E1C-BCA4-40B5-878C-254AEAD39F8D}"
EndProject
Project("{9A19103F-16F7-4668-BE54-9A1E7A4F7556}") = "FindTheParityOutlier", "FindTheParityOutlier\FindTheParityOutlier.csproj", "{DB5EA9E0-2889-4BD4-82AB-90C04D375D20}"
EndProject
Project("{2150E333-8FDC-42A3-9474-1A3956D46DE8}") = "PlayingWithDigits", "PlayingWithDigits", "{842389E7-DE2D-40CB-9FBE-8367B9E12155}"
EndProject
Project("{9A19103F-16F7-4668-BE54-9A1E7A4F7556}") = "PlayingWithDigits.Tests", "PlayingWithDigits.Tests\PlayingWithDigits.Tests.csproj", "{831A814B-0A6C-414E-B4E9-D8032271E295}"
EndProject
Project("{9A19103F-16F7-4668-BE54-9A1E7A4F7556}") = "PlayingWithDigits", "PlayingWithDigits\PlayingWithDigits.csproj", "{1A3FEA7D-6AE1-476F-9EBB-810660B50002}"
EndProject
Project("{2150E333-8FDC-42A3-9474-1A3956D46DE8}") = "BitCounting", "BitCounting", "{4F8A672D-C823-4C01-81E7-1AB2FDA03DCA}"
EndProject
Project("{9A19103F-16F7-4668-BE54-9A1E7A4F7556}") = "BitCounting", "BitCounting\BitCounting.csproj", "{48FAA451-33C0-4A83-B3E9-F2B106B28A57}"
EndProject
Project("{9A19103F-16F7-4668-BE54-9A1E7A4F7556}") = "BitCounting.Tests", "BitCounting.Tests\BitCounting.Tests.csproj", "{7026EDA5-F555-4A62-A3CF-8552A4115EBE}"
EndProject
Project("{2150E333-8FDC-42A3-9474-1A3956D46DE8}") = "HumanReadableTime", "HumanReadableTime", "{600CA386-17BE-4AA8-9A1B-CF56EA0395E7}"
EndProject
Project("{9A19103F-16F7-4668-BE54-9A1E7A4F7556}") = "HumanReadableTime.Tests", "HumanReadableTime.Tests\HumanReadableTime.Tests.csproj", "{1095B382-B9E1-4C71-A555-4318260E41B2}"
EndProject
Project("{9A19103F-16F7-4668-BE54-9A1E7A4F7556}") = "HumanReadableTime", "HumanReadableTime\HumanReadableTime.csproj", "{69094A8E-F27B-4754-A5CB-CDA9BD3B4B1E}"
EndProject
Project("{2150E333-8FDC-42A3-9474-1A3956D46DE8}") = "FirstNonRepeatingCharacter", "FirstNonRepeatingCharacter", "{59979551-7249-4370-A1BA-7E1E963062D5}"
EndProject
Project("{9A19103F-16F7-4668-BE54-9A1E7A4F7556}") = "FirstNonRepeatingCharacter.Tests", "FirstNonRepeatingCharacter.Tests\FirstNonRepeatingCharacter.Tests.csproj", "{0193B86B-0ADD-452C-B071-D4FBA1F4CDA0}"
EndProject
Project("{9A19103F-16F7-4668-BE54-9A1E7A4F7556}") = "FirstNonRepeatingCharacter", "FirstNonRepeatingCharacter\FirstNonRepeatingCharacter.csproj", "{FF7889AA-5250-4F5C-9788-7E4CE726352C}"
EndProject
Project("{2150E333-8FDC-42A3-9474-1A3956D46DE8}") = "SimplePigLatin", "SimplePigLatin", "{5F7293AE-DD36-4AF7-9FDA-8E8DB14AA061}"
EndProject
Project("{9A19103F-16F7-4668-BE54-9A1E7A4F7556}") = "SimplePigLatin", "SimplePigLatin\SimplePigLatin.csproj", "{50FB2D8E-360C-4AA8-AAEE-9C6FC2A0B7C5}"
EndProject
Project("{9A19103F-16F7-4668-BE54-9A1E7A4F7556}") = "SimplePigLatin.Tests", "SimplePigLatin.Tests\SimplePigLatin.Tests.csproj", "{4B7CA1B5-5C57-49E6-893A-CF3B3D79017E}"
EndProject
Project("{2150E333-8FDC-42A3-9474-1A3956D46DE8}") = "IsNumberPrime", "IsNumberPrime", "{4CCC4CF8-4265-4721-AF48-782668E44834}"
EndProject
Project("{9A19103F-16F7-4668-BE54-9A1E7A4F7556}") = "IsNumberPrime", "IsNumberPrime\IsNumberPrime.csproj", "{46202D90-EFF6-417F-BF5F-7DD1974C074C}"
EndProject
Project("{9A19103F-16F7-4668-BE54-9A1E7A4F7556}") = "IsNumberPrime.Tests", "IsNumberPrime.Tests\IsNumberPrime.Tests.csproj", "{4EFA3565-926D-4DB4-95E0-08269FD7C7D8}"
EndProject
Project("{2150E333-8FDC-42A3-9474-1A3956D46DE8}") = "Rot13", "Rot13", "{3AA52DAE-359D-45B1-BB90-F5101B64A231}"
EndProject
Project("{9A19103F-16F7-4668-BE54-9A1E7A4F7556}") = "Rot13", "Rot13\Rot13.csproj", "{F273BBEE-1BFB-4E2F-8343-0240A35503A3}"
EndProject
Project("{9A19103F-16F7-4668-BE54-9A1E7A4F7556}") = "Rot13.Tests", "Rot13.Tests\Rot13.Tests.csproj", "{0A25CA5F-7E17-47ED-8180-C245AD9FC728}"
EndProject
Project("{2150E333-8FDC-42A3-9474-1A3956D46DE8}") = "RangeExtraction", "RangeExtraction", "{A4EA10E1-72E9-45F2-BC13-A501652DFE96}"
EndProject
Project("{FAE04EC0-301F-11D3-BF4B-00C04F79EFBC}") = "RangeExtraction", "RangeExtraction\RangeExtraction.csproj", "{65A83F94-2634-44D3-AF40-8D625936FA03}"
EndProject
Project("{FAE04EC0-301F-11D3-BF4B-00C04F79EFBC}") = "RangeExtraction.Tests", "RangeExtraction.Tests\RangeExtraction.Tests.csproj", "{BED06B70-C004-427B-BF15-F330EF4F8EF0}"
EndProject
Global
	GlobalSection(SolutionConfigurationPlatforms) = preSolution
		Debug|Any CPU = Debug|Any CPU
		Release|Any CPU = Release|Any CPU
	EndGlobalSection
	GlobalSection(ProjectConfigurationPlatforms) = postSolution
		{0CC1856A-4139-423C-8981-442C84282523}.Debug|Any CPU.ActiveCfg = Debug|Any CPU
		{0CC1856A-4139-423C-8981-442C84282523}.Debug|Any CPU.Build.0 = Debug|Any CPU
		{0CC1856A-4139-423C-8981-442C84282523}.Release|Any CPU.ActiveCfg = Release|Any CPU
		{0CC1856A-4139-423C-8981-442C84282523}.Release|Any CPU.Build.0 = Release|Any CPU
		{479C8B91-4DF0-458A-90C8-E9A73E4EB507}.Debug|Any CPU.ActiveCfg = Debug|Any CPU
		{479C8B91-4DF0-458A-90C8-E9A73E4EB507}.Debug|Any CPU.Build.0 = Debug|Any CPU
		{479C8B91-4DF0-458A-90C8-E9A73E4EB507}.Release|Any CPU.ActiveCfg = Release|Any CPU
		{479C8B91-4DF0-458A-90C8-E9A73E4EB507}.Release|Any CPU.Build.0 = Release|Any CPU
		{2B9D6E1C-BCA4-40B5-878C-254AEAD39F8D}.Debug|Any CPU.ActiveCfg = Debug|Any CPU
		{2B9D6E1C-BCA4-40B5-878C-254AEAD39F8D}.Debug|Any CPU.Build.0 = Debug|Any CPU
		{2B9D6E1C-BCA4-40B5-878C-254AEAD39F8D}.Release|Any CPU.ActiveCfg = Release|Any CPU
		{2B9D6E1C-BCA4-40B5-878C-254AEAD39F8D}.Release|Any CPU.Build.0 = Release|Any CPU
		{DB5EA9E0-2889-4BD4-82AB-90C04D375D20}.Debug|Any CPU.ActiveCfg = Debug|Any CPU
		{DB5EA9E0-2889-4BD4-82AB-90C04D375D20}.Debug|Any CPU.Build.0 = Debug|Any CPU
		{DB5EA9E0-2889-4BD4-82AB-90C04D375D20}.Release|Any CPU.ActiveCfg = Release|Any CPU
		{DB5EA9E0-2889-4BD4-82AB-90C04D375D20}.Release|Any CPU.Build.0 = Release|Any CPU
		{831A814B-0A6C-414E-B4E9-D8032271E295}.Debug|Any CPU.ActiveCfg = Debug|Any CPU
		{831A814B-0A6C-414E-B4E9-D8032271E295}.Debug|Any CPU.Build.0 = Debug|Any CPU
		{831A814B-0A6C-414E-B4E9-D8032271E295}.Release|Any CPU.ActiveCfg = Release|Any CPU
		{831A814B-0A6C-414E-B4E9-D8032271E295}.Release|Any CPU.Build.0 = Release|Any CPU
		{1A3FEA7D-6AE1-476F-9EBB-810660B50002}.Debug|Any CPU.ActiveCfg = Debug|Any CPU
		{1A3FEA7D-6AE1-476F-9EBB-810660B50002}.Debug|Any CPU.Build.0 = Debug|Any CPU
		{1A3FEA7D-6AE1-476F-9EBB-810660B50002}.Release|Any CPU.ActiveCfg = Release|Any CPU
		{1A3FEA7D-6AE1-476F-9EBB-810660B50002}.Release|Any CPU.Build.0 = Release|Any CPU
		{48FAA451-33C0-4A83-B3E9-F2B106B28A57}.Debug|Any CPU.ActiveCfg = Debug|Any CPU
		{48FAA451-33C0-4A83-B3E9-F2B106B28A57}.Debug|Any CPU.Build.0 = Debug|Any CPU
		{48FAA451-33C0-4A83-B3E9-F2B106B28A57}.Release|Any CPU.ActiveCfg = Release|Any CPU
		{48FAA451-33C0-4A83-B3E9-F2B106B28A57}.Release|Any CPU.Build.0 = Release|Any CPU
		{7026EDA5-F555-4A62-A3CF-8552A4115EBE}.Debug|Any CPU.ActiveCfg = Debug|Any CPU
		{7026EDA5-F555-4A62-A3CF-8552A4115EBE}.Debug|Any CPU.Build.0 = Debug|Any CPU
		{7026EDA5-F555-4A62-A3CF-8552A4115EBE}.Release|Any CPU.ActiveCfg = Release|Any CPU
		{7026EDA5-F555-4A62-A3CF-8552A4115EBE}.Release|Any CPU.Build.0 = Release|Any CPU
		{1095B382-B9E1-4C71-A555-4318260E41B2}.Debug|Any CPU.ActiveCfg = Debug|Any CPU
		{1095B382-B9E1-4C71-A555-4318260E41B2}.Debug|Any CPU.Build.0 = Debug|Any CPU
		{1095B382-B9E1-4C71-A555-4318260E41B2}.Release|Any CPU.ActiveCfg = Release|Any CPU
		{1095B382-B9E1-4C71-A555-4318260E41B2}.Release|Any CPU.Build.0 = Release|Any CPU
		{69094A8E-F27B-4754-A5CB-CDA9BD3B4B1E}.Debug|Any CPU.ActiveCfg = Debug|Any CPU
		{69094A8E-F27B-4754-A5CB-CDA9BD3B4B1E}.Debug|Any CPU.Build.0 = Debug|Any CPU
		{69094A8E-F27B-4754-A5CB-CDA9BD3B4B1E}.Release|Any CPU.ActiveCfg = Release|Any CPU
		{69094A8E-F27B-4754-A5CB-CDA9BD3B4B1E}.Release|Any CPU.Build.0 = Release|Any CPU
		{0193B86B-0ADD-452C-B071-D4FBA1F4CDA0}.Debug|Any CPU.ActiveCfg = Debug|Any CPU
		{0193B86B-0ADD-452C-B071-D4FBA1F4CDA0}.Debug|Any CPU.Build.0 = Debug|Any CPU
		{0193B86B-0ADD-452C-B071-D4FBA1F4CDA0}.Release|Any CPU.ActiveCfg = Release|Any CPU
		{0193B86B-0ADD-452C-B071-D4FBA1F4CDA0}.Release|Any CPU.Build.0 = Release|Any CPU
		{FF7889AA-5250-4F5C-9788-7E4CE726352C}.Debug|Any CPU.ActiveCfg = Debug|Any CPU
		{FF7889AA-5250-4F5C-9788-7E4CE726352C}.Debug|Any CPU.Build.0 = Debug|Any CPU
		{FF7889AA-5250-4F5C-9788-7E4CE726352C}.Release|Any CPU.ActiveCfg = Release|Any CPU
		{FF7889AA-5250-4F5C-9788-7E4CE726352C}.Release|Any CPU.Build.0 = Release|Any CPU
		{50FB2D8E-360C-4AA8-AAEE-9C6FC2A0B7C5}.Debug|Any CPU.ActiveCfg = Debug|Any CPU
		{50FB2D8E-360C-4AA8-AAEE-9C6FC2A0B7C5}.Debug|Any CPU.Build.0 = Debug|Any CPU
		{50FB2D8E-360C-4AA8-AAEE-9C6FC2A0B7C5}.Release|Any CPU.ActiveCfg = Release|Any CPU
		{50FB2D8E-360C-4AA8-AAEE-9C6FC2A0B7C5}.Release|Any CPU.Build.0 = Release|Any CPU
		{4B7CA1B5-5C57-49E6-893A-CF3B3D79017E}.Debug|Any CPU.ActiveCfg = Debug|Any CPU
		{4B7CA1B5-5C57-49E6-893A-CF3B3D79017E}.Debug|Any CPU.Build.0 = Debug|Any CPU
		{4B7CA1B5-5C57-49E6-893A-CF3B3D79017E}.Release|Any CPU.ActiveCfg = Release|Any CPU
		{4B7CA1B5-5C57-49E6-893A-CF3B3D79017E}.Release|Any CPU.Build.0 = Release|Any CPU
		{46202D90-EFF6-417F-BF5F-7DD1974C074C}.Debug|Any CPU.ActiveCfg = Debug|Any CPU
		{46202D90-EFF6-417F-BF5F-7DD1974C074C}.Debug|Any CPU.Build.0 = Debug|Any CPU
		{46202D90-EFF6-417F-BF5F-7DD1974C074C}.Release|Any CPU.ActiveCfg = Release|Any CPU
		{46202D90-EFF6-417F-BF5F-7DD1974C074C}.Release|Any CPU.Build.0 = Release|Any CPU
		{4EFA3565-926D-4DB4-95E0-08269FD7C7D8}.Debug|Any CPU.ActiveCfg = Debug|Any CPU
		{4EFA3565-926D-4DB4-95E0-08269FD7C7D8}.Debug|Any CPU.Build.0 = Debug|Any CPU
		{4EFA3565-926D-4DB4-95E0-08269FD7C7D8}.Release|Any CPU.ActiveCfg = Release|Any CPU
		{4EFA3565-926D-4DB4-95E0-08269FD7C7D8}.Release|Any CPU.Build.0 = Release|Any CPU
		{F273BBEE-1BFB-4E2F-8343-0240A35503A3}.Debug|Any CPU.ActiveCfg = Debug|Any CPU
		{F273BBEE-1BFB-4E2F-8343-0240A35503A3}.Debug|Any CPU.Build.0 = Debug|Any CPU
		{F273BBEE-1BFB-4E2F-8343-0240A35503A3}.Release|Any CPU.ActiveCfg = Release|Any CPU
		{F273BBEE-1BFB-4E2F-8343-0240A35503A3}.Release|Any CPU.Build.0 = Release|Any CPU
		{0A25CA5F-7E17-47ED-8180-C245AD9FC728}.Debug|Any CPU.ActiveCfg = Debug|Any CPU
		{0A25CA5F-7E17-47ED-8180-C245AD9FC728}.Debug|Any CPU.Build.0 = Debug|Any CPU
		{0A25CA5F-7E17-47ED-8180-C245AD9FC728}.Release|Any CPU.ActiveCfg = Release|Any CPU
		{0A25CA5F-7E17-47ED-8180-C245AD9FC728}.Release|Any CPU.Build.0 = Release|Any CPU
		{65A83F94-2634-44D3-AF40-8D625936FA03}.Debug|Any CPU.ActiveCfg = Debug|Any CPU
		{65A83F94-2634-44D3-AF40-8D625936FA03}.Debug|Any CPU.Build.0 = Debug|Any CPU
		{65A83F94-2634-44D3-AF40-8D625936FA03}.Release|Any CPU.ActiveCfg = Release|Any CPU
		{65A83F94-2634-44D3-AF40-8D625936FA03}.Release|Any CPU.Build.0 = Release|Any CPU
		{BED06B70-C004-427B-BF15-F330EF4F8EF0}.Debug|Any CPU.ActiveCfg = Debug|Any CPU
		{BED06B70-C004-427B-BF15-F330EF4F8EF0}.Debug|Any CPU.Build.0 = Debug|Any CPU
		{BED06B70-C004-427B-BF15-F330EF4F8EF0}.Release|Any CPU.ActiveCfg = Release|Any CPU
		{BED06B70-C004-427B-BF15-F330EF4F8EF0}.Release|Any CPU.Build.0 = Release|Any CPU
	EndGlobalSection
	GlobalSection(SolutionProperties) = preSolution
		HideSolutionNode = FALSE
	EndGlobalSection
	GlobalSection(NestedProjects) = preSolution
		{0CC1856A-4139-423C-8981-442C84282523} = {6CD98247-8182-4AEA-92D5-D2EC9CF33DDE}
		{479C8B91-4DF0-458A-90C8-E9A73E4EB507} = {6CD98247-8182-4AEA-92D5-D2EC9CF33DDE}
		{2B9D6E1C-BCA4-40B5-878C-254AEAD39F8D} = {004D0284-4231-48F9-9C3D-F5818E150372}
		{DB5EA9E0-2889-4BD4-82AB-90C04D375D20} = {004D0284-4231-48F9-9C3D-F5818E150372}
		{831A814B-0A6C-414E-B4E9-D8032271E295} = {842389E7-DE2D-40CB-9FBE-8367B9E12155}
		{1A3FEA7D-6AE1-476F-9EBB-810660B50002} = {842389E7-DE2D-40CB-9FBE-8367B9E12155}
		{48FAA451-33C0-4A83-B3E9-F2B106B28A57} = {4F8A672D-C823-4C01-81E7-1AB2FDA03DCA}
		{7026EDA5-F555-4A62-A3CF-8552A4115EBE} = {4F8A672D-C823-4C01-81E7-1AB2FDA03DCA}
		{1095B382-B9E1-4C71-A555-4318260E41B2} = {600CA386-17BE-4AA8-9A1B-CF56EA0395E7}
		{69094A8E-F27B-4754-A5CB-CDA9BD3B4B1E} = {600CA386-17BE-4AA8-9A1B-CF56EA0395E7}
		{0193B86B-0ADD-452C-B071-D4FBA1F4CDA0} = {59979551-7249-4370-A1BA-7E1E963062D5}
		{FF7889AA-5250-4F5C-9788-7E4CE726352C} = {59979551-7249-4370-A1BA-7E1E963062D5}
		{50FB2D8E-360C-4AA8-AAEE-9C6FC2A0B7C5} = {5F7293AE-DD36-4AF7-9FDA-8E8DB14AA061}
		{4B7CA1B5-5C57-49E6-893A-CF3B3D79017E} = {5F7293AE-DD36-4AF7-9FDA-8E8DB14AA061}
		{46202D90-EFF6-417F-BF5F-7DD1974C074C} = {4CCC4CF8-4265-4721-AF48-782668E44834}
		{4EFA3565-926D-4DB4-95E0-08269FD7C7D8} = {4CCC4CF8-4265-4721-AF48-782668E44834}
		{F273BBEE-1BFB-4E2F-8343-0240A35503A3} = {3AA52DAE-359D-45B1-BB90-F5101B64A231}
		{0A25CA5F-7E17-47ED-8180-C245AD9FC728} = {3AA52DAE-359D-45B1-BB90-F5101B64A231}
		{65A83F94-2634-44D3-AF40-8D625936FA03} = {A4EA10E1-72E9-45F2-BC13-A501652DFE96}
		{BED06B70-C004-427B-BF15-F330EF4F8EF0} = {A4EA10E1-72E9-45F2-BC13-A501652DFE96}
	EndGlobalSection
	GlobalSection(ExtensibilityGlobals) = postSolution
		SolutionGuid = {37A53255-655F-4886-AA68-6E367E2E2F0F}
	EndGlobalSection
EndGlobal
