
Microsoft Visual Studio Solution File, Format Version 12.00
# Visual Studio Version 17
VisualStudioVersion = 17.2.32630.192
MinimumVisualStudioVersion = 10.0.40219.1
Project("{2150E333-8FDC-42A3-9474-1A3956D46DE8}") = "DescendingOrder", "DescendingOrder", "{6CD98247-8182-4AEA-92D5-D2EC9CF33DDE}"
EndProject
Project("{2150E333-8FDC-42A3-9474-1A3956D46DE8}") = "FindTheParityOutlier", "FindTheParityOutlier", "{004D0284-4231-48F9-9C3D-F5818E150372}"
EndProject
Project("{2150E333-8FDC-42A3-9474-1A3956D46DE8}") = "PlayingWithDigits", "PlayingWithDigits", "{842389E7-DE2D-40CB-9FBE-8367B9E12155}"
EndProject
Project("{2150E333-8FDC-42A3-9474-1A3956D46DE8}") = "BitCounting", "BitCounting", "{4F8A672D-C823-4C01-81E7-1AB2FDA03DCA}"
EndProject
Project("{2150E333-8FDC-42A3-9474-1A3956D46DE8}") = "HumanReadableTime", "HumanReadableTime", "{600CA386-17BE-4AA8-9A1B-CF56EA0395E7}"
EndProject
Project("{2150E333-8FDC-42A3-9474-1A3956D46DE8}") = "FirstNonRepeatingCharacter", "FirstNonRepeatingCharacter", "{59979551-7249-4370-A1BA-7E1E963062D5}"
EndProject
Project("{2150E333-8FDC-42A3-9474-1A3956D46DE8}") = "SimplePigLatin", "SimplePigLatin", "{5F7293AE-DD36-4AF7-9FDA-8E8DB14AA061}"
EndProject
Project("{2150E333-8FDC-42A3-9474-1A3956D46DE8}") = "IsNumberPrime", "IsNumberPrime", "{4CCC4CF8-4265-4721-AF48-782668E44834}"
EndProject
Project("{2150E333-8FDC-42A3-9474-1A3956D46DE8}") = "Rot13", "Rot13", "{3AA52DAE-359D-45B1-BB90-F5101B64A231}"
EndProject
Project("{2150E333-8FDC-42A3-9474-1A3956D46DE8}") = "RangeExtraction", "RangeExtraction", "{A4EA10E1-72E9-45F2-BC13-A501652DFE96}"
EndProject
Project("{2150E333-8FDC-42A3-9474-1A3956D46DE8}") = "GreedIsGood", "GreedIsGood", "{6B0E929D-D1F7-461B-939F-1A44D8D21841}"
EndProject
Project("{2150E333-8FDC-42A3-9474-1A3956D46DE8}") = "SumOfIntervals", "SumOfIntervals", "{67FF6D46-A18E-49FF-B860-B160110B4C0C}"
EndProject
Project("{2150E333-8FDC-42A3-9474-1A3956D46DE8}") = "Permutations", "Permutations", "{941AED5E-451B-4391-B5D4-6300E5C92BAE}"
EndProject
Project("{9A19103F-16F7-4668-BE54-9A1E7A4F7556}") = "DescendingOrder.Tests", "7 kyu\DescendingOrder.Tests\DescendingOrder.Tests.csproj", "{56F1C86A-9D82-4868-966C-5BA28CDD991C}"
EndProject
Project("{2150E333-8FDC-42A3-9474-1A3956D46DE8}") = "7 kyu", "7 kyu", "{3A41019F-2B3C-4DEB-84E6-761E7D80EF4D}"
EndProject
Project("{2150E333-8FDC-42A3-9474-1A3956D46DE8}") = "8 kyu", "8 kyu", "{1EEC587C-D173-4FF7-8450-CCECA423EA83}"
EndProject
Project("{2150E333-8FDC-42A3-9474-1A3956D46DE8}") = "6 kyu", "6 kyu", "{23E0B070-596F-4990-B711-86F321748DB7}"
EndProject
Project("{2150E333-8FDC-42A3-9474-1A3956D46DE8}") = "5 kyu", "5 kyu", "{B0D74A6E-22C9-4D06-8B0D-12B86359E2C8}"
EndProject
Project("{2150E333-8FDC-42A3-9474-1A3956D46DE8}") = "4 kyu", "4 kyu", "{0215138F-103F-4C63-AA32-8496DD6DA6E8}"
EndProject
Project("{9A19103F-16F7-4668-BE54-9A1E7A4F7556}") = "BitCounting", "6 kyu\BitCounting\BitCounting.csproj", "{2CEEE64B-F8C4-4431-B484-AD3F844A950F}"
EndProject
Project("{9A19103F-16F7-4668-BE54-9A1E7A4F7556}") = "BitCounting.Tests", "6 kyu\BitCounting.Tests\BitCounting.Tests.csproj", "{FBBDAB1C-9F0E-4FD4-9C57-0A531EC84AAD}"
EndProject
Project("{9A19103F-16F7-4668-BE54-9A1E7A4F7556}") = "FindTheParityOutlier", "6 kyu\FindTheParityOutlier\FindTheParityOutlier.csproj", "{A55FC568-9282-4494-A497-1A1DB7040A8C}"
EndProject
Project("{9A19103F-16F7-4668-BE54-9A1E7A4F7556}") = "FindTheParityOutlier.Tests", "6 kyu\FindTheParityOutlier.Tests\FindTheParityOutlier.Tests.csproj", "{05298449-4A34-4635-AB39-7FABE62664EC}"
EndProject
Project("{9A19103F-16F7-4668-BE54-9A1E7A4F7556}") = "IsNumberPrime", "6 kyu\IsNumberPrime\IsNumberPrime.csproj", "{811DD3C2-25F1-4B5C-BF72-DC26FF1B5E8A}"
EndProject
Project("{9A19103F-16F7-4668-BE54-9A1E7A4F7556}") = "PlayingWithDigits", "6 kyu\PlayingWithDigits\PlayingWithDigits.csproj", "{6D587970-EC01-4B00-8021-9960255A54F8}"
EndProject
Project("{9A19103F-16F7-4668-BE54-9A1E7A4F7556}") = "IsNumberPrime.Tests", "6 kyu\IsNumberPrime.Tests\IsNumberPrime.Tests.csproj", "{B92CA9A2-5986-4C76-B8DC-21D6FB0AF850}"
EndProject
Project("{9A19103F-16F7-4668-BE54-9A1E7A4F7556}") = "PlayingWithDigits.Tests", "6 kyu\PlayingWithDigits.Tests\PlayingWithDigits.Tests.csproj", "{65405320-1027-490F-8AE4-633E4F1D3E60}"
EndProject
Project("{9A19103F-16F7-4668-BE54-9A1E7A4F7556}") = "FirstNonRepeatingCharacter", "5 kyu\FirstNonRepeatingCharacter\FirstNonRepeatingCharacter.csproj", "{A95666C6-A71C-406A-8DC1-1F74E8014046}"
EndProject
Project("{9A19103F-16F7-4668-BE54-9A1E7A4F7556}") = "FirstNonRepeatingCharacter.Tests", "5 kyu\FirstNonRepeatingCharacter.Tests\FirstNonRepeatingCharacter.Tests.csproj", "{CD46B435-2B23-4271-BBB4-0CEFDB001FF7}"
EndProject
Project("{9A19103F-16F7-4668-BE54-9A1E7A4F7556}") = "GreedIsGood", "5 kyu\GreedIsGood\GreedIsGood.csproj", "{10B1B253-DF74-4E20-8AA5-CBCAD40D6634}"
EndProject
Project("{9A19103F-16F7-4668-BE54-9A1E7A4F7556}") = "GreedIsGood.Tests", "5 kyu\GreedIsGood.Tests\GreedIsGood.Tests.csproj", "{3AEC6F6D-38DC-433C-ACAF-B2ACD7D018CB}"
EndProject
Project("{9A19103F-16F7-4668-BE54-9A1E7A4F7556}") = "HumanReadableTime", "5 kyu\HumanReadableTime\HumanReadableTime.csproj", "{46414F09-B12C-40AF-BE7A-E7FF4C985431}"
EndProject
Project("{9A19103F-16F7-4668-BE54-9A1E7A4F7556}") = "HumanReadableTime.Tests", "5 kyu\HumanReadableTime.Tests\HumanReadableTime.Tests.csproj", "{64F202BD-F6CC-4B65-9CBE-BED6E3934B97}"
EndProject
Project("{9A19103F-16F7-4668-BE54-9A1E7A4F7556}") = "Rot13", "5 kyu\Rot13\Rot13.csproj", "{8DFAF5BF-D7EC-46A1-AE50-AADB10BF967E}"
EndProject
Project("{9A19103F-16F7-4668-BE54-9A1E7A4F7556}") = "Rot13.Tests", "5 kyu\Rot13.Tests\Rot13.Tests.csproj", "{0BD33D49-B4E2-4D89-B065-C4D99E61EC7C}"
EndProject
Project("{9A19103F-16F7-4668-BE54-9A1E7A4F7556}") = "SimplePigLatin", "5 kyu\SimplePigLatin\SimplePigLatin.csproj", "{C7E79085-18C8-481C-9FB8-F7433F344347}"
EndProject
Project("{9A19103F-16F7-4668-BE54-9A1E7A4F7556}") = "SimplePigLatin.Tests", "5 kyu\SimplePigLatin.Tests\SimplePigLatin.Tests.csproj", "{FD5E6398-A09F-46D9-A550-82BBE89D7F6F}"
EndProject
Project("{9A19103F-16F7-4668-BE54-9A1E7A4F7556}") = "Permutations", "4 kyu\Permutations\Permutations.csproj", "{29B83DAA-6FD3-4F23-93D5-3236905D2CC7}"
EndProject
Project("{9A19103F-16F7-4668-BE54-9A1E7A4F7556}") = "Permutations.Tests", "4 kyu\Permutations.Tests\Permutations.Tests.csproj", "{B56F3D66-183E-4F14-BF33-529663D83C95}"
EndProject
Project("{9A19103F-16F7-4668-BE54-9A1E7A4F7556}") = "RangeExtraction", "4 kyu\RangeExtraction\RangeExtraction.csproj", "{59CBE420-3952-4E57-BD38-699C255279C5}"
EndProject
Project("{9A19103F-16F7-4668-BE54-9A1E7A4F7556}") = "RangeExtraction.Tests", "4 kyu\RangeExtraction.Tests\RangeExtraction.Tests.csproj", "{DA673446-E50B-42D6-9B43-121F9F7EB60C}"
EndProject
Project("{9A19103F-16F7-4668-BE54-9A1E7A4F7556}") = "SumOfIntervals", "4 kyu\SumOfIntervals\SumOfIntervals.csproj", "{D6080A76-C9B7-4F6D-BDCA-BC4AF80564F0}"
EndProject
Project("{9A19103F-16F7-4668-BE54-9A1E7A4F7556}") = "SumOfIntervals.Tests", "4 kyu\SumOfIntervals.Tests\SumOfIntervals.Tests.csproj", "{B42AFAB1-475B-4067-A3E3-E110EA29D32E}"
EndProject
Project("{2150E333-8FDC-42A3-9474-1A3956D46DE8}") = "Multiply", "Multiply", "{E56489DF-B6FF-4DFC-9E43-E0B49D8CDAEC}"
EndProject
Project("{9A19103F-16F7-4668-BE54-9A1E7A4F7556}") = "Multiply", "8 kyu\Multiply\Multiply.csproj", "{A7B0AB78-62E2-4954-894A-E8CD36A3AFF2}"
EndProject
Project("{9A19103F-16F7-4668-BE54-9A1E7A4F7556}") = "Multiply.Tests", "8 kyu\Multiply.Tests\Multiply.Tests.csproj", "{F7E73FF2-6ADE-4F49-96AC-5D152DACCFD9}"
EndProject
Project("{9A19103F-16F7-4668-BE54-9A1E7A4F7556}") = "DescendingOrder", "7 kyu\DescendingOrder\DescendingOrder.csproj", "{2FB4BEB7-AF35-44D4-A71E-382C5AEEA39E}"
EndProject
Project("{2150E333-8FDC-42A3-9474-1A3956D46DE8}") = "DontGiveMeFive", "DontGiveMeFive", "{EA80C302-BDA7-44B3-BCF0-CAD7C8E77EAA}"
EndProject
Project("{9A19103F-16F7-4668-BE54-9A1E7A4F7556}") = "DontGiveMeFive", "7 kyu\DontGiveMeFive\DontGiveMeFive.csproj", "{10549E6C-FC83-40B5-83C1-73D3F4FFDA36}"
EndProject
Project("{9A19103F-16F7-4668-BE54-9A1E7A4F7556}") = "DontGiveMeFive.Tests", "7 kyu\DontGiveMeFive.Tests\DontGiveMeFive.Tests.csproj", "{754FCE3A-475E-49CF-B5FA-B0A08241483C}"
EndProject
Project("{2150E333-8FDC-42A3-9474-1A3956D46DE8}") = "MiddlePermutation", "MiddlePermutation", "{B58C5FDF-F184-479D-AA60-383B6AD37CEB}"
EndProject
Project("{9A19103F-16F7-4668-BE54-9A1E7A4F7556}") = "MiddlePermutation", "4 kyu\MiddlePermutation\MiddlePermutation.csproj", "{DEE0812D-D8BB-438D-8F26-CCCEA7DD5BDD}"
EndProject
Project("{9A19103F-16F7-4668-BE54-9A1E7A4F7556}") = "MiddlePermutation.Tests", "4 kyu\MiddlePermutation.Tests\MiddlePermutation.Tests.csproj", "{72AE79EF-C0E5-4C23-A5BA-C498014F6A1C}"
EndProject
Project("{2150E333-8FDC-42A3-9474-1A3956D46DE8}") = "3  kyu", "3  kyu", "{A17CE01B-4C37-4332-BEAA-00DDA54A93DD}"
EndProject
Project("{2150E333-8FDC-42A3-9474-1A3956D46DE8}") = "Binomial Expansion", "Binomial Expansion", "{D29FDD96-70B2-47A3-813C-02D7353EE6C5}"
EndProject
Project("{9A19103F-16F7-4668-BE54-9A1E7A4F7556}") = "BinomialExpansion.Tests", "3 kyu\BinomialExpansion.Tests\BinomialExpansion.Tests.csproj", "{5B5F0244-6F5F-4E78-A877-72A883379138}"
EndProject
Project("{9A19103F-16F7-4668-BE54-9A1E7A4F7556}") = "BinomialExpansion", "3 kyu\BinomialExpansion\BinomialExpansion.csproj", "{F3FAE8DC-734D-4019-B4A6-B03A1C618D4D}"
EndProject
Project("{2150E333-8FDC-42A3-9474-1A3956D46DE8}") = "Collatz", "Collatz", "{6B5C57BE-6BF4-4CD1-AB2A-4D227D6B11B2}"
EndProject
Project("{FAE04EC0-301F-11D3-BF4B-00C04F79EFBC}") = "Collatz", "6 kyu\Collatz\Collatz.csproj", "{E465A5DA-A32D-4CCF-8CB0-BC623AFF2D0E}"
EndProject
Project("{FAE04EC0-301F-11D3-BF4B-00C04F79EFBC}") = "Collatz.Tests", "6 kyu\Collatz.Tests\Collatz.Tests.csproj", "{A443D924-4852-4ECC-990B-C2E16FC15EB0}"
EndProject
Global
	GlobalSection(SolutionConfigurationPlatforms) = preSolution
		Debug|Any CPU = Debug|Any CPU
		Release|Any CPU = Release|Any CPU
	EndGlobalSection
	GlobalSection(ProjectConfigurationPlatforms) = postSolution
		{56F1C86A-9D82-4868-966C-5BA28CDD991C}.Debug|Any CPU.ActiveCfg = Debug|Any CPU
		{56F1C86A-9D82-4868-966C-5BA28CDD991C}.Debug|Any CPU.Build.0 = Debug|Any CPU
		{56F1C86A-9D82-4868-966C-5BA28CDD991C}.Release|Any CPU.ActiveCfg = Release|Any CPU
		{56F1C86A-9D82-4868-966C-5BA28CDD991C}.Release|Any CPU.Build.0 = Release|Any CPU
		{2CEEE64B-F8C4-4431-B484-AD3F844A950F}.Debug|Any CPU.ActiveCfg = Debug|Any CPU
		{2CEEE64B-F8C4-4431-B484-AD3F844A950F}.Debug|Any CPU.Build.0 = Debug|Any CPU
		{2CEEE64B-F8C4-4431-B484-AD3F844A950F}.Release|Any CPU.ActiveCfg = Release|Any CPU
		{2CEEE64B-F8C4-4431-B484-AD3F844A950F}.Release|Any CPU.Build.0 = Release|Any CPU
		{FBBDAB1C-9F0E-4FD4-9C57-0A531EC84AAD}.Debug|Any CPU.ActiveCfg = Debug|Any CPU
		{FBBDAB1C-9F0E-4FD4-9C57-0A531EC84AAD}.Debug|Any CPU.Build.0 = Debug|Any CPU
		{FBBDAB1C-9F0E-4FD4-9C57-0A531EC84AAD}.Release|Any CPU.ActiveCfg = Release|Any CPU
		{FBBDAB1C-9F0E-4FD4-9C57-0A531EC84AAD}.Release|Any CPU.Build.0 = Release|Any CPU
		{A55FC568-9282-4494-A497-1A1DB7040A8C}.Debug|Any CPU.ActiveCfg = Debug|Any CPU
		{A55FC568-9282-4494-A497-1A1DB7040A8C}.Debug|Any CPU.Build.0 = Debug|Any CPU
		{A55FC568-9282-4494-A497-1A1DB7040A8C}.Release|Any CPU.ActiveCfg = Release|Any CPU
		{A55FC568-9282-4494-A497-1A1DB7040A8C}.Release|Any CPU.Build.0 = Release|Any CPU
		{05298449-4A34-4635-AB39-7FABE62664EC}.Debug|Any CPU.ActiveCfg = Debug|Any CPU
		{05298449-4A34-4635-AB39-7FABE62664EC}.Debug|Any CPU.Build.0 = Debug|Any CPU
		{05298449-4A34-4635-AB39-7FABE62664EC}.Release|Any CPU.ActiveCfg = Release|Any CPU
		{05298449-4A34-4635-AB39-7FABE62664EC}.Release|Any CPU.Build.0 = Release|Any CPU
		{811DD3C2-25F1-4B5C-BF72-DC26FF1B5E8A}.Debug|Any CPU.ActiveCfg = Debug|Any CPU
		{811DD3C2-25F1-4B5C-BF72-DC26FF1B5E8A}.Debug|Any CPU.Build.0 = Debug|Any CPU
		{811DD3C2-25F1-4B5C-BF72-DC26FF1B5E8A}.Release|Any CPU.ActiveCfg = Release|Any CPU
		{811DD3C2-25F1-4B5C-BF72-DC26FF1B5E8A}.Release|Any CPU.Build.0 = Release|Any CPU
		{6D587970-EC01-4B00-8021-9960255A54F8}.Debug|Any CPU.ActiveCfg = Debug|Any CPU
		{6D587970-EC01-4B00-8021-9960255A54F8}.Debug|Any CPU.Build.0 = Debug|Any CPU
		{6D587970-EC01-4B00-8021-9960255A54F8}.Release|Any CPU.ActiveCfg = Release|Any CPU
		{6D587970-EC01-4B00-8021-9960255A54F8}.Release|Any CPU.Build.0 = Release|Any CPU
		{B92CA9A2-5986-4C76-B8DC-21D6FB0AF850}.Debug|Any CPU.ActiveCfg = Debug|Any CPU
		{B92CA9A2-5986-4C76-B8DC-21D6FB0AF850}.Debug|Any CPU.Build.0 = Debug|Any CPU
		{B92CA9A2-5986-4C76-B8DC-21D6FB0AF850}.Release|Any CPU.ActiveCfg = Release|Any CPU
		{B92CA9A2-5986-4C76-B8DC-21D6FB0AF850}.Release|Any CPU.Build.0 = Release|Any CPU
		{65405320-1027-490F-8AE4-633E4F1D3E60}.Debug|Any CPU.ActiveCfg = Debug|Any CPU
		{65405320-1027-490F-8AE4-633E4F1D3E60}.Debug|Any CPU.Build.0 = Debug|Any CPU
		{65405320-1027-490F-8AE4-633E4F1D3E60}.Release|Any CPU.ActiveCfg = Release|Any CPU
		{65405320-1027-490F-8AE4-633E4F1D3E60}.Release|Any CPU.Build.0 = Release|Any CPU
		{A95666C6-A71C-406A-8DC1-1F74E8014046}.Debug|Any CPU.ActiveCfg = Debug|Any CPU
		{A95666C6-A71C-406A-8DC1-1F74E8014046}.Debug|Any CPU.Build.0 = Debug|Any CPU
		{A95666C6-A71C-406A-8DC1-1F74E8014046}.Release|Any CPU.ActiveCfg = Release|Any CPU
		{A95666C6-A71C-406A-8DC1-1F74E8014046}.Release|Any CPU.Build.0 = Release|Any CPU
		{CD46B435-2B23-4271-BBB4-0CEFDB001FF7}.Debug|Any CPU.ActiveCfg = Debug|Any CPU
		{CD46B435-2B23-4271-BBB4-0CEFDB001FF7}.Debug|Any CPU.Build.0 = Debug|Any CPU
		{CD46B435-2B23-4271-BBB4-0CEFDB001FF7}.Release|Any CPU.ActiveCfg = Release|Any CPU
		{CD46B435-2B23-4271-BBB4-0CEFDB001FF7}.Release|Any CPU.Build.0 = Release|Any CPU
		{10B1B253-DF74-4E20-8AA5-CBCAD40D6634}.Debug|Any CPU.ActiveCfg = Debug|Any CPU
		{10B1B253-DF74-4E20-8AA5-CBCAD40D6634}.Debug|Any CPU.Build.0 = Debug|Any CPU
		{10B1B253-DF74-4E20-8AA5-CBCAD40D6634}.Release|Any CPU.ActiveCfg = Release|Any CPU
		{10B1B253-DF74-4E20-8AA5-CBCAD40D6634}.Release|Any CPU.Build.0 = Release|Any CPU
		{3AEC6F6D-38DC-433C-ACAF-B2ACD7D018CB}.Debug|Any CPU.ActiveCfg = Debug|Any CPU
		{3AEC6F6D-38DC-433C-ACAF-B2ACD7D018CB}.Debug|Any CPU.Build.0 = Debug|Any CPU
		{3AEC6F6D-38DC-433C-ACAF-B2ACD7D018CB}.Release|Any CPU.ActiveCfg = Release|Any CPU
		{3AEC6F6D-38DC-433C-ACAF-B2ACD7D018CB}.Release|Any CPU.Build.0 = Release|Any CPU
		{46414F09-B12C-40AF-BE7A-E7FF4C985431}.Debug|Any CPU.ActiveCfg = Debug|Any CPU
		{46414F09-B12C-40AF-BE7A-E7FF4C985431}.Debug|Any CPU.Build.0 = Debug|Any CPU
		{46414F09-B12C-40AF-BE7A-E7FF4C985431}.Release|Any CPU.ActiveCfg = Release|Any CPU
		{46414F09-B12C-40AF-BE7A-E7FF4C985431}.Release|Any CPU.Build.0 = Release|Any CPU
		{64F202BD-F6CC-4B65-9CBE-BED6E3934B97}.Debug|Any CPU.ActiveCfg = Debug|Any CPU
		{64F202BD-F6CC-4B65-9CBE-BED6E3934B97}.Debug|Any CPU.Build.0 = Debug|Any CPU
		{64F202BD-F6CC-4B65-9CBE-BED6E3934B97}.Release|Any CPU.ActiveCfg = Release|Any CPU
		{64F202BD-F6CC-4B65-9CBE-BED6E3934B97}.Release|Any CPU.Build.0 = Release|Any CPU
		{8DFAF5BF-D7EC-46A1-AE50-AADB10BF967E}.Debug|Any CPU.ActiveCfg = Debug|Any CPU
		{8DFAF5BF-D7EC-46A1-AE50-AADB10BF967E}.Debug|Any CPU.Build.0 = Debug|Any CPU
		{8DFAF5BF-D7EC-46A1-AE50-AADB10BF967E}.Release|Any CPU.ActiveCfg = Release|Any CPU
		{8DFAF5BF-D7EC-46A1-AE50-AADB10BF967E}.Release|Any CPU.Build.0 = Release|Any CPU
		{0BD33D49-B4E2-4D89-B065-C4D99E61EC7C}.Debug|Any CPU.ActiveCfg = Debug|Any CPU
		{0BD33D49-B4E2-4D89-B065-C4D99E61EC7C}.Debug|Any CPU.Build.0 = Debug|Any CPU
		{0BD33D49-B4E2-4D89-B065-C4D99E61EC7C}.Release|Any CPU.ActiveCfg = Release|Any CPU
		{0BD33D49-B4E2-4D89-B065-C4D99E61EC7C}.Release|Any CPU.Build.0 = Release|Any CPU
		{C7E79085-18C8-481C-9FB8-F7433F344347}.Debug|Any CPU.ActiveCfg = Debug|Any CPU
		{C7E79085-18C8-481C-9FB8-F7433F344347}.Debug|Any CPU.Build.0 = Debug|Any CPU
		{C7E79085-18C8-481C-9FB8-F7433F344347}.Release|Any CPU.ActiveCfg = Release|Any CPU
		{C7E79085-18C8-481C-9FB8-F7433F344347}.Release|Any CPU.Build.0 = Release|Any CPU
		{FD5E6398-A09F-46D9-A550-82BBE89D7F6F}.Debug|Any CPU.ActiveCfg = Debug|Any CPU
		{FD5E6398-A09F-46D9-A550-82BBE89D7F6F}.Debug|Any CPU.Build.0 = Debug|Any CPU
		{FD5E6398-A09F-46D9-A550-82BBE89D7F6F}.Release|Any CPU.ActiveCfg = Release|Any CPU
		{FD5E6398-A09F-46D9-A550-82BBE89D7F6F}.Release|Any CPU.Build.0 = Release|Any CPU
		{29B83DAA-6FD3-4F23-93D5-3236905D2CC7}.Debug|Any CPU.ActiveCfg = Debug|Any CPU
		{29B83DAA-6FD3-4F23-93D5-3236905D2CC7}.Debug|Any CPU.Build.0 = Debug|Any CPU
		{29B83DAA-6FD3-4F23-93D5-3236905D2CC7}.Release|Any CPU.ActiveCfg = Release|Any CPU
		{29B83DAA-6FD3-4F23-93D5-3236905D2CC7}.Release|Any CPU.Build.0 = Release|Any CPU
		{B56F3D66-183E-4F14-BF33-529663D83C95}.Debug|Any CPU.ActiveCfg = Debug|Any CPU
		{B56F3D66-183E-4F14-BF33-529663D83C95}.Debug|Any CPU.Build.0 = Debug|Any CPU
		{B56F3D66-183E-4F14-BF33-529663D83C95}.Release|Any CPU.ActiveCfg = Release|Any CPU
		{B56F3D66-183E-4F14-BF33-529663D83C95}.Release|Any CPU.Build.0 = Release|Any CPU
		{59CBE420-3952-4E57-BD38-699C255279C5}.Debug|Any CPU.ActiveCfg = Debug|Any CPU
		{59CBE420-3952-4E57-BD38-699C255279C5}.Debug|Any CPU.Build.0 = Debug|Any CPU
		{59CBE420-3952-4E57-BD38-699C255279C5}.Release|Any CPU.ActiveCfg = Release|Any CPU
		{59CBE420-3952-4E57-BD38-699C255279C5}.Release|Any CPU.Build.0 = Release|Any CPU
		{DA673446-E50B-42D6-9B43-121F9F7EB60C}.Debug|Any CPU.ActiveCfg = Debug|Any CPU
		{DA673446-E50B-42D6-9B43-121F9F7EB60C}.Debug|Any CPU.Build.0 = Debug|Any CPU
		{DA673446-E50B-42D6-9B43-121F9F7EB60C}.Release|Any CPU.ActiveCfg = Release|Any CPU
		{DA673446-E50B-42D6-9B43-121F9F7EB60C}.Release|Any CPU.Build.0 = Release|Any CPU
		{D6080A76-C9B7-4F6D-BDCA-BC4AF80564F0}.Debug|Any CPU.ActiveCfg = Debug|Any CPU
		{D6080A76-C9B7-4F6D-BDCA-BC4AF80564F0}.Debug|Any CPU.Build.0 = Debug|Any CPU
		{D6080A76-C9B7-4F6D-BDCA-BC4AF80564F0}.Release|Any CPU.ActiveCfg = Release|Any CPU
		{D6080A76-C9B7-4F6D-BDCA-BC4AF80564F0}.Release|Any CPU.Build.0 = Release|Any CPU
		{B42AFAB1-475B-4067-A3E3-E110EA29D32E}.Debug|Any CPU.ActiveCfg = Debug|Any CPU
		{B42AFAB1-475B-4067-A3E3-E110EA29D32E}.Debug|Any CPU.Build.0 = Debug|Any CPU
		{B42AFAB1-475B-4067-A3E3-E110EA29D32E}.Release|Any CPU.ActiveCfg = Release|Any CPU
		{B42AFAB1-475B-4067-A3E3-E110EA29D32E}.Release|Any CPU.Build.0 = Release|Any CPU
		{A7B0AB78-62E2-4954-894A-E8CD36A3AFF2}.Debug|Any CPU.ActiveCfg = Debug|Any CPU
		{A7B0AB78-62E2-4954-894A-E8CD36A3AFF2}.Debug|Any CPU.Build.0 = Debug|Any CPU
		{A7B0AB78-62E2-4954-894A-E8CD36A3AFF2}.Release|Any CPU.ActiveCfg = Release|Any CPU
		{A7B0AB78-62E2-4954-894A-E8CD36A3AFF2}.Release|Any CPU.Build.0 = Release|Any CPU
		{F7E73FF2-6ADE-4F49-96AC-5D152DACCFD9}.Debug|Any CPU.ActiveCfg = Debug|Any CPU
		{F7E73FF2-6ADE-4F49-96AC-5D152DACCFD9}.Debug|Any CPU.Build.0 = Debug|Any CPU
		{F7E73FF2-6ADE-4F49-96AC-5D152DACCFD9}.Release|Any CPU.ActiveCfg = Release|Any CPU
		{F7E73FF2-6ADE-4F49-96AC-5D152DACCFD9}.Release|Any CPU.Build.0 = Release|Any CPU
		{2FB4BEB7-AF35-44D4-A71E-382C5AEEA39E}.Debug|Any CPU.ActiveCfg = Debug|Any CPU
		{2FB4BEB7-AF35-44D4-A71E-382C5AEEA39E}.Debug|Any CPU.Build.0 = Debug|Any CPU
		{2FB4BEB7-AF35-44D4-A71E-382C5AEEA39E}.Release|Any CPU.ActiveCfg = Release|Any CPU
		{2FB4BEB7-AF35-44D4-A71E-382C5AEEA39E}.Release|Any CPU.Build.0 = Release|Any CPU
		{10549E6C-FC83-40B5-83C1-73D3F4FFDA36}.Debug|Any CPU.ActiveCfg = Debug|Any CPU
		{10549E6C-FC83-40B5-83C1-73D3F4FFDA36}.Debug|Any CPU.Build.0 = Debug|Any CPU
		{10549E6C-FC83-40B5-83C1-73D3F4FFDA36}.Release|Any CPU.ActiveCfg = Release|Any CPU
		{10549E6C-FC83-40B5-83C1-73D3F4FFDA36}.Release|Any CPU.Build.0 = Release|Any CPU
		{754FCE3A-475E-49CF-B5FA-B0A08241483C}.Debug|Any CPU.ActiveCfg = Debug|Any CPU
		{754FCE3A-475E-49CF-B5FA-B0A08241483C}.Debug|Any CPU.Build.0 = Debug|Any CPU
		{754FCE3A-475E-49CF-B5FA-B0A08241483C}.Release|Any CPU.ActiveCfg = Release|Any CPU
		{754FCE3A-475E-49CF-B5FA-B0A08241483C}.Release|Any CPU.Build.0 = Release|Any CPU
		{DEE0812D-D8BB-438D-8F26-CCCEA7DD5BDD}.Debug|Any CPU.ActiveCfg = Debug|Any CPU
		{DEE0812D-D8BB-438D-8F26-CCCEA7DD5BDD}.Debug|Any CPU.Build.0 = Debug|Any CPU
		{DEE0812D-D8BB-438D-8F26-CCCEA7DD5BDD}.Release|Any CPU.ActiveCfg = Release|Any CPU
		{DEE0812D-D8BB-438D-8F26-CCCEA7DD5BDD}.Release|Any CPU.Build.0 = Release|Any CPU
		{72AE79EF-C0E5-4C23-A5BA-C498014F6A1C}.Debug|Any CPU.ActiveCfg = Debug|Any CPU
		{72AE79EF-C0E5-4C23-A5BA-C498014F6A1C}.Debug|Any CPU.Build.0 = Debug|Any CPU
		{72AE79EF-C0E5-4C23-A5BA-C498014F6A1C}.Release|Any CPU.ActiveCfg = Release|Any CPU
		{72AE79EF-C0E5-4C23-A5BA-C498014F6A1C}.Release|Any CPU.Build.0 = Release|Any CPU
		{5B5F0244-6F5F-4E78-A877-72A883379138}.Debug|Any CPU.ActiveCfg = Debug|Any CPU
		{5B5F0244-6F5F-4E78-A877-72A883379138}.Debug|Any CPU.Build.0 = Debug|Any CPU
		{5B5F0244-6F5F-4E78-A877-72A883379138}.Release|Any CPU.ActiveCfg = Release|Any CPU
		{5B5F0244-6F5F-4E78-A877-72A883379138}.Release|Any CPU.Build.0 = Release|Any CPU
		{F3FAE8DC-734D-4019-B4A6-B03A1C618D4D}.Debug|Any CPU.ActiveCfg = Debug|Any CPU
		{F3FAE8DC-734D-4019-B4A6-B03A1C618D4D}.Debug|Any CPU.Build.0 = Debug|Any CPU
		{F3FAE8DC-734D-4019-B4A6-B03A1C618D4D}.Release|Any CPU.ActiveCfg = Release|Any CPU
		{F3FAE8DC-734D-4019-B4A6-B03A1C618D4D}.Release|Any CPU.Build.0 = Release|Any CPU
		{E465A5DA-A32D-4CCF-8CB0-BC623AFF2D0E}.Debug|Any CPU.ActiveCfg = Debug|Any CPU
		{E465A5DA-A32D-4CCF-8CB0-BC623AFF2D0E}.Debug|Any CPU.Build.0 = Debug|Any CPU
		{E465A5DA-A32D-4CCF-8CB0-BC623AFF2D0E}.Release|Any CPU.ActiveCfg = Release|Any CPU
		{E465A5DA-A32D-4CCF-8CB0-BC623AFF2D0E}.Release|Any CPU.Build.0 = Release|Any CPU
		{A443D924-4852-4ECC-990B-C2E16FC15EB0}.Debug|Any CPU.ActiveCfg = Debug|Any CPU
		{A443D924-4852-4ECC-990B-C2E16FC15EB0}.Debug|Any CPU.Build.0 = Debug|Any CPU
		{A443D924-4852-4ECC-990B-C2E16FC15EB0}.Release|Any CPU.ActiveCfg = Release|Any CPU
		{A443D924-4852-4ECC-990B-C2E16FC15EB0}.Release|Any CPU.Build.0 = Release|Any CPU
	EndGlobalSection
	GlobalSection(SolutionProperties) = preSolution
		HideSolutionNode = FALSE
	EndGlobalSection
	GlobalSection(NestedProjects) = preSolution
		{6CD98247-8182-4AEA-92D5-D2EC9CF33DDE} = {3A41019F-2B3C-4DEB-84E6-761E7D80EF4D}
		{004D0284-4231-48F9-9C3D-F5818E150372} = {23E0B070-596F-4990-B711-86F321748DB7}
		{842389E7-DE2D-40CB-9FBE-8367B9E12155} = {23E0B070-596F-4990-B711-86F321748DB7}
		{4F8A672D-C823-4C01-81E7-1AB2FDA03DCA} = {23E0B070-596F-4990-B711-86F321748DB7}
		{600CA386-17BE-4AA8-9A1B-CF56EA0395E7} = {B0D74A6E-22C9-4D06-8B0D-12B86359E2C8}
		{59979551-7249-4370-A1BA-7E1E963062D5} = {B0D74A6E-22C9-4D06-8B0D-12B86359E2C8}
		{5F7293AE-DD36-4AF7-9FDA-8E8DB14AA061} = {B0D74A6E-22C9-4D06-8B0D-12B86359E2C8}
		{4CCC4CF8-4265-4721-AF48-782668E44834} = {23E0B070-596F-4990-B711-86F321748DB7}
		{3AA52DAE-359D-45B1-BB90-F5101B64A231} = {B0D74A6E-22C9-4D06-8B0D-12B86359E2C8}
		{A4EA10E1-72E9-45F2-BC13-A501652DFE96} = {0215138F-103F-4C63-AA32-8496DD6DA6E8}
		{6B0E929D-D1F7-461B-939F-1A44D8D21841} = {B0D74A6E-22C9-4D06-8B0D-12B86359E2C8}
		{67FF6D46-A18E-49FF-B860-B160110B4C0C} = {0215138F-103F-4C63-AA32-8496DD6DA6E8}
		{941AED5E-451B-4391-B5D4-6300E5C92BAE} = {0215138F-103F-4C63-AA32-8496DD6DA6E8}
		{56F1C86A-9D82-4868-966C-5BA28CDD991C} = {6CD98247-8182-4AEA-92D5-D2EC9CF33DDE}
		{2CEEE64B-F8C4-4431-B484-AD3F844A950F} = {4F8A672D-C823-4C01-81E7-1AB2FDA03DCA}
		{FBBDAB1C-9F0E-4FD4-9C57-0A531EC84AAD} = {4F8A672D-C823-4C01-81E7-1AB2FDA03DCA}
		{A55FC568-9282-4494-A497-1A1DB7040A8C} = {004D0284-4231-48F9-9C3D-F5818E150372}
		{05298449-4A34-4635-AB39-7FABE62664EC} = {004D0284-4231-48F9-9C3D-F5818E150372}
		{811DD3C2-25F1-4B5C-BF72-DC26FF1B5E8A} = {4CCC4CF8-4265-4721-AF48-782668E44834}
		{6D587970-EC01-4B00-8021-9960255A54F8} = {842389E7-DE2D-40CB-9FBE-8367B9E12155}
		{B92CA9A2-5986-4C76-B8DC-21D6FB0AF850} = {4CCC4CF8-4265-4721-AF48-782668E44834}
		{65405320-1027-490F-8AE4-633E4F1D3E60} = {842389E7-DE2D-40CB-9FBE-8367B9E12155}
		{A95666C6-A71C-406A-8DC1-1F74E8014046} = {59979551-7249-4370-A1BA-7E1E963062D5}
		{CD46B435-2B23-4271-BBB4-0CEFDB001FF7} = {59979551-7249-4370-A1BA-7E1E963062D5}
		{10B1B253-DF74-4E20-8AA5-CBCAD40D6634} = {6B0E929D-D1F7-461B-939F-1A44D8D21841}
		{3AEC6F6D-38DC-433C-ACAF-B2ACD7D018CB} = {6B0E929D-D1F7-461B-939F-1A44D8D21841}
		{46414F09-B12C-40AF-BE7A-E7FF4C985431} = {600CA386-17BE-4AA8-9A1B-CF56EA0395E7}
		{64F202BD-F6CC-4B65-9CBE-BED6E3934B97} = {600CA386-17BE-4AA8-9A1B-CF56EA0395E7}
		{8DFAF5BF-D7EC-46A1-AE50-AADB10BF967E} = {3AA52DAE-359D-45B1-BB90-F5101B64A231}
		{0BD33D49-B4E2-4D89-B065-C4D99E61EC7C} = {3AA52DAE-359D-45B1-BB90-F5101B64A231}
		{C7E79085-18C8-481C-9FB8-F7433F344347} = {5F7293AE-DD36-4AF7-9FDA-8E8DB14AA061}
		{FD5E6398-A09F-46D9-A550-82BBE89D7F6F} = {5F7293AE-DD36-4AF7-9FDA-8E8DB14AA061}
		{29B83DAA-6FD3-4F23-93D5-3236905D2CC7} = {941AED5E-451B-4391-B5D4-6300E5C92BAE}
		{B56F3D66-183E-4F14-BF33-529663D83C95} = {941AED5E-451B-4391-B5D4-6300E5C92BAE}
		{59CBE420-3952-4E57-BD38-699C255279C5} = {A4EA10E1-72E9-45F2-BC13-A501652DFE96}
		{DA673446-E50B-42D6-9B43-121F9F7EB60C} = {A4EA10E1-72E9-45F2-BC13-A501652DFE96}
		{D6080A76-C9B7-4F6D-BDCA-BC4AF80564F0} = {67FF6D46-A18E-49FF-B860-B160110B4C0C}
		{B42AFAB1-475B-4067-A3E3-E110EA29D32E} = {67FF6D46-A18E-49FF-B860-B160110B4C0C}
		{E56489DF-B6FF-4DFC-9E43-E0B49D8CDAEC} = {1EEC587C-D173-4FF7-8450-CCECA423EA83}
		{A7B0AB78-62E2-4954-894A-E8CD36A3AFF2} = {E56489DF-B6FF-4DFC-9E43-E0B49D8CDAEC}
		{F7E73FF2-6ADE-4F49-96AC-5D152DACCFD9} = {E56489DF-B6FF-4DFC-9E43-E0B49D8CDAEC}
		{2FB4BEB7-AF35-44D4-A71E-382C5AEEA39E} = {6CD98247-8182-4AEA-92D5-D2EC9CF33DDE}
		{EA80C302-BDA7-44B3-BCF0-CAD7C8E77EAA} = {3A41019F-2B3C-4DEB-84E6-761E7D80EF4D}
		{10549E6C-FC83-40B5-83C1-73D3F4FFDA36} = {EA80C302-BDA7-44B3-BCF0-CAD7C8E77EAA}
		{754FCE3A-475E-49CF-B5FA-B0A08241483C} = {EA80C302-BDA7-44B3-BCF0-CAD7C8E77EAA}
		{B58C5FDF-F184-479D-AA60-383B6AD37CEB} = {0215138F-103F-4C63-AA32-8496DD6DA6E8}
		{DEE0812D-D8BB-438D-8F26-CCCEA7DD5BDD} = {B58C5FDF-F184-479D-AA60-383B6AD37CEB}
		{72AE79EF-C0E5-4C23-A5BA-C498014F6A1C} = {B58C5FDF-F184-479D-AA60-383B6AD37CEB}
		{D29FDD96-70B2-47A3-813C-02D7353EE6C5} = {A17CE01B-4C37-4332-BEAA-00DDA54A93DD}
		{5B5F0244-6F5F-4E78-A877-72A883379138} = {D29FDD96-70B2-47A3-813C-02D7353EE6C5}
		{F3FAE8DC-734D-4019-B4A6-B03A1C618D4D} = {D29FDD96-70B2-47A3-813C-02D7353EE6C5}
		{6B5C57BE-6BF4-4CD1-AB2A-4D227D6B11B2} = {23E0B070-596F-4990-B711-86F321748DB7}
		{E465A5DA-A32D-4CCF-8CB0-BC623AFF2D0E} = {6B5C57BE-6BF4-4CD1-AB2A-4D227D6B11B2}
		{A443D924-4852-4ECC-990B-C2E16FC15EB0} = {6B5C57BE-6BF4-4CD1-AB2A-4D227D6B11B2}
	EndGlobalSection
	GlobalSection(ExtensibilityGlobals) = postSolution
		SolutionGuid = {37A53255-655F-4886-AA68-6E367E2E2F0F}
	EndGlobalSection
EndGlobal
