
Microsoft Visual Studio Solution File, Format Version 12.00
# Visual Studio Version 16
VisualStudioVersion = 16.0.31702.278
MinimumVisualStudioVersion = 10.0.40219.1
Project("{FAE04EC0-301F-11D3-BF4B-00C04F79EFBC}") = "DescendingOrder", "DescendingOrder\DescendingOrder.csproj", "{0CC1856A-4139-423C-8981-442C84282523}"
EndProject
Project("{2150E333-8FDC-42A3-9474-1A3956D46DE8}") = "DescendingOrder", "DescendingOrder", "{6CD98247-8182-4AEA-92D5-D2EC9CF33DDE}"
EndProject
Project("{FAE04EC0-301F-11D3-BF4B-00C04F79EFBC}") = "DescendingOrder.Tests", "DescendingOrder.Tests\DescendingOrder.Tests.csproj", "{479C8B91-4DF0-458A-90C8-E9A73E4EB507}"
EndProject
Global
	GlobalSection(SolutionConfigurationPlatforms) = preSolution
		Debug|Any CPU = Debug|Any CPU
		Release|Any CPU = Release|Any CPU
	EndGlobalSection
	GlobalSection(ProjectConfigurationPlatforms) = postSolution
		{0CC1856A-4139-423C-8981-442C84282523}.Debug|Any CPU.ActiveCfg = Debug|Any CPU
		{0CC1856A-4139-423C-8981-442C84282523}.Debug|Any CPU.Build.0 = Debug|Any CPU
		{0CC1856A-4139-423C-8981-442C84282523}.Release|Any CPU.ActiveCfg = Release|Any CPU
		{0CC1856A-4139-423C-8981-442C84282523}.Release|Any CPU.Build.0 = Release|Any CPU
		{479C8B91-4DF0-458A-90C8-E9A73E4EB507}.Debug|Any CPU.ActiveCfg = Debug|Any CPU
		{479C8B91-4DF0-458A-90C8-E9A73E4EB507}.Debug|Any CPU.Build.0 = Debug|Any CPU
		{479C8B91-4DF0-458A-90C8-E9A73E4EB507}.Release|Any CPU.ActiveCfg = Release|Any CPU
		{479C8B91-4DF0-458A-90C8-E9A73E4EB507}.Release|Any CPU.Build.0 = Release|Any CPU
	EndGlobalSection
	GlobalSection(SolutionProperties) = preSolution
		HideSolutionNode = FALSE
	EndGlobalSection
	GlobalSection(NestedProjects) = preSolution
		{0CC1856A-4139-423C-8981-442C84282523} = {6CD98247-8182-4AEA-92D5-D2EC9CF33DDE}
		{479C8B91-4DF0-458A-90C8-E9A73E4EB507} = {6CD98247-8182-4AEA-92D5-D2EC9CF33DDE}
	EndGlobalSection
	GlobalSection(ExtensibilityGlobals) = postSolution
		SolutionGuid = {37A53255-655F-4886-AA68-6E367E2E2F0F}
	EndGlobalSection
EndGlobal
